
Microsoft Visual Studio Solution File, Format Version 12.00
# Visual Studio Version 17
VisualStudioVersion = 17.6.33712.159
MinimumVisualStudioVersion = 10.0.40219.1
Project("{FAE04EC0-301F-11D3-BF4B-00C04F79EFBC}") = "wf1", "wf1\wf1.csproj", "{DF47CDD8-94B2-45B9-BD79-4647AB28CFDE}"
EndProject
Global
	GlobalSection(SolutionConfigurationPlatforms) = preSolution
		Debug|Any CPU = Debug|Any CPU
		Release|Any CPU = Release|Any CPU
	EndGlobalSection
	GlobalSection(ProjectConfigurationPlatforms) = postSolution
		{DF47CDD8-94B2-45B9-BD79-4647AB28CFDE}.Debug|Any CPU.ActiveCfg = Debug|Any CPU
		{DF47CDD8-94B2-45B9-BD79-4647AB28CFDE}.Debug|Any CPU.Build.0 = Debug|Any CPU
		{DF47CDD8-94B2-45B9-BD79-4647AB28CFDE}.Release|Any CPU.ActiveCfg = Release|Any CPU
		{DF47CDD8-94B2-45B9-BD79-4647AB28CFDE}.Release|Any CPU.Build.0 = Release|Any CPU
	EndGlobalSection
	GlobalSection(SolutionProperties) = preSolution
		HideSolutionNode = FALSE
	EndGlobalSection
	GlobalSection(ExtensibilityGlobals) = postSolution
		SolutionGuid = {CBA8E987-14D3-4850-B925-3048D64ACB9B}
	EndGlobalSection
EndGlobal
